
Microsoft Visual Studio Solution File, Format Version 12.00
# Visual Studio Version 16
VisualStudioVersion = 16.0.29728.190
MinimumVisualStudioVersion = 10.0.40219.1
Project("{FAE04EC0-301F-11D3-BF4B-00C04F79EFBC}") = "ZaretnaPanel", "ZaretnaPanel.csproj", "{FCCCF9E4-23A8-4994-9DB8-DCD1DF87570E}"
EndProject
Global
	GlobalSection(SolutionConfigurationPlatforms) = preSolution
		Debug|Any CPU = Debug|Any CPU
		Release|Any CPU = Release|Any CPU
	EndGlobalSection
	GlobalSection(ProjectConfigurationPlatforms) = postSolution
		{FCCCF9E4-23A8-4994-9DB8-DCD1DF87570E}.Debug|Any CPU.ActiveCfg = Debug|Any CPU
		{FCCCF9E4-23A8-4994-9DB8-DCD1DF87570E}.Debug|Any CPU.Build.0 = Debug|Any CPU
		{FCCCF9E4-23A8-4994-9DB8-DCD1DF87570E}.Release|Any CPU.ActiveCfg = Release|Any CPU
		{FCCCF9E4-23A8-4994-9DB8-DCD1DF87570E}.Release|Any CPU.Build.0 = Release|Any CPU
	EndGlobalSection
	GlobalSection(SolutionProperties) = preSolution
		HideSolutionNode = FALSE
	EndGlobalSection
	GlobalSection(ExtensibilityGlobals) = postSolution
		SolutionGuid = {C61291EF-C76A-471D-9723-958D7BA6FF41}
	EndGlobalSection
EndGlobal
